Microsoft Visual Studio Solution File, Format Version 11.00
# Visual Studio 2008

Project("{E8A06644-6FEC-B5FC-1927-2050643B964D}") = "Zkieda1", "Assembly-CSharp.csproj", "{017E1788-F825-9DE5-7B6E-C887B5581EE6}"
EndProject
Global
	GlobalSection(SolutionConfigurationPlatforms) = preSolution
		Debug|Any CPU = Debug|Any CPU
		Release|Any CPU = Release|Any CPU
	EndGlobalSection
	GlobalSection(ProjectConfigurationPlatforms) = postSolution
		{017E1788-F825-9DE5-7B6E-C887B5581EE6}.Debug|Any CPU.ActiveCfg = Debug|Any CPU
		{017E1788-F825-9DE5-7B6E-C887B5581EE6}.Debug|Any CPU.Build.0 = Debug|Any CPU
		{017E1788-F825-9DE5-7B6E-C887B5581EE6}.Release|Any CPU.ActiveCfg = Release|Any CPU
		{017E1788-F825-9DE5-7B6E-C887B5581EE6}.Release|Any CPU.Build.0 = Release|Any CPU
	EndGlobalSection
	GlobalSection(SolutionProperties) = preSolution
		HideSolutionNode = FALSE
	EndGlobalSection
	GlobalSection(MonoDevelopProperties) = preSolution
		StartupItem = Assembly-CSharp.csproj
	EndGlobalSection
EndGlobal
