
Microsoft Visual Studio Solution File, Format Version 12.00
# Visual Studio 2015
Project("{FAE04EC0-301F-11D3-BF4B-00C04F79EFBC}") = "Zkieda1.CSharp.Plugins", "Zkieda1.CSharp.Plugins.csproj", "{2284F7BF-2730-CD18-6C47-54B03D901D40}"
EndProject
Project("{FAE04EC0-301F-11D3-BF4B-00C04F79EFBC}") = "Zkieda1.CSharp", "Zkieda1.CSharp.csproj", "{D8333EAA-89FA-124E-0733-7EF60391F463}"
EndProject
Project("{FAE04EC0-301F-11D3-BF4B-00C04F79EFBC}") = "Zkieda1.CSharp.Editor", "Zkieda1.CSharp.Editor.csproj", "{69E73042-6DEB-BCCF-26AF-407DA999B064}"
EndProject
Global
	GlobalSection(SolutionConfigurationPlatforms) = preSolution
		Debug|Any CPU = Debug|Any CPU
		Release|Any CPU = Release|Any CPU
	EndGlobalSection
	GlobalSection(ProjectConfigurationPlatforms) = postSolution
		{2284F7BF-2730-CD18-6C47-54B03D901D40}.Debug|Any CPU.ActiveCfg = Debug|Any CPU
		{2284F7BF-2730-CD18-6C47-54B03D901D40}.Debug|Any CPU.Build.0 = Debug|Any CPU
		{2284F7BF-2730-CD18-6C47-54B03D901D40}.Release|Any CPU.ActiveCfg = Release|Any CPU
		{2284F7BF-2730-CD18-6C47-54B03D901D40}.Release|Any CPU.Build.0 = Release|Any CPU
		{D8333EAA-89FA-124E-0733-7EF60391F463}.Debug|Any CPU.ActiveCfg = Debug|Any CPU
		{D8333EAA-89FA-124E-0733-7EF60391F463}.Debug|Any CPU.Build.0 = Debug|Any CPU
		{D8333EAA-89FA-124E-0733-7EF60391F463}.Release|Any CPU.ActiveCfg = Release|Any CPU
		{D8333EAA-89FA-124E-0733-7EF60391F463}.Release|Any CPU.Build.0 = Release|Any CPU
		{69E73042-6DEB-BCCF-26AF-407DA999B064}.Debug|Any CPU.ActiveCfg = Debug|Any CPU
		{69E73042-6DEB-BCCF-26AF-407DA999B064}.Debug|Any CPU.Build.0 = Debug|Any CPU
		{69E73042-6DEB-BCCF-26AF-407DA999B064}.Release|Any CPU.ActiveCfg = Release|Any CPU
		{69E73042-6DEB-BCCF-26AF-407DA999B064}.Release|Any CPU.Build.0 = Release|Any CPU
	EndGlobalSection
	GlobalSection(SolutionProperties) = preSolution
		HideSolutionNode = FALSE
	EndGlobalSection
EndGlobal
